
Microsoft Visual Studio Solution File, Format Version 12.00
# Visual Studio Version 17
VisualStudioVersion = 17.10.34928.147
MinimumVisualStudioVersion = 10.0.40219.1
Project("{9A19103F-16F7-4668-BE54-9A1E7A4F7556}") = "Rifa.API", "Rifa\Rifa.API.csproj", "{53E723A5-1A19-476C-AE81-34D23CB02AB0}"
EndProject
Project("{9A19103F-16F7-4668-BE54-9A1E7A4F7556}") = "User-Infrastrucred", "User-Infrastrucred\User-Infrastrucred.csproj", "{2B26B68C-2653-4286-AFBF-32EC270AD8EA}"
EndProject
Project("{9A19103F-16F7-4668-BE54-9A1E7A4F7556}") = "User.Domain", "User-Domain\User.Domain.csproj", "{85ABCDB9-56F6-49C6-AD36-E5DE63A88625}"
EndProject
Project("{9A19103F-16F7-4668-BE54-9A1E7A4F7556}") = "RifaApp", "RifaApp\RifaApp.csproj", "{6C9DC006-15A7-4C32-876E-8C9267C6C4A3}"
EndProject
Project("{2150E333-8FDC-42A3-9474-1A3956D46DE8}") = "Itens de Solução", "Itens de Solução", "{1E35FA7F-E6B6-4872-A00A-B7A35E286A5C}"
	ProjectSection(SolutionItems) = preProject
		.gitignore = .gitignore
	EndProjectSection
EndProject
Global
	GlobalSection(SolutionConfigurationPlatforms) = preSolution
		Debug|Any CPU = Debug|Any CPU
		Release|Any CPU = Release|Any CPU
	EndGlobalSection
	GlobalSection(ProjectConfigurationPlatforms) = postSolution
		{53E723A5-1A19-476C-AE81-34D23CB02AB0}.Debug|Any CPU.ActiveCfg = Debug|Any CPU
		{53E723A5-1A19-476C-AE81-34D23CB02AB0}.Debug|Any CPU.Build.0 = Debug|Any CPU
		{53E723A5-1A19-476C-AE81-34D23CB02AB0}.Release|Any CPU.ActiveCfg = Release|Any CPU
		{53E723A5-1A19-476C-AE81-34D23CB02AB0}.Release|Any CPU.Build.0 = Release|Any CPU
		{2B26B68C-2653-4286-AFBF-32EC270AD8EA}.Debug|Any CPU.ActiveCfg = Debug|Any CPU
		{2B26B68C-2653-4286-AFBF-32EC270AD8EA}.Debug|Any CPU.Build.0 = Debug|Any CPU
		{2B26B68C-2653-4286-AFBF-32EC270AD8EA}.Release|Any CPU.ActiveCfg = Release|Any CPU
		{2B26B68C-2653-4286-AFBF-32EC270AD8EA}.Release|Any CPU.Build.0 = Release|Any CPU
		{85ABCDB9-56F6-49C6-AD36-E5DE63A88625}.Debug|Any CPU.ActiveCfg = Debug|Any CPU
		{85ABCDB9-56F6-49C6-AD36-E5DE63A88625}.Debug|Any CPU.Build.0 = Debug|Any CPU
		{85ABCDB9-56F6-49C6-AD36-E5DE63A88625}.Release|Any CPU.ActiveCfg = Release|Any CPU
		{85ABCDB9-56F6-49C6-AD36-E5DE63A88625}.Release|Any CPU.Build.0 = Release|Any CPU
		{6C9DC006-15A7-4C32-876E-8C9267C6C4A3}.Debug|Any CPU.ActiveCfg = Debug|Any CPU
		{6C9DC006-15A7-4C32-876E-8C9267C6C4A3}.Debug|Any CPU.Build.0 = Debug|Any CPU
		{6C9DC006-15A7-4C32-876E-8C9267C6C4A3}.Release|Any CPU.ActiveCfg = Release|Any CPU
		{6C9DC006-15A7-4C32-876E-8C9267C6C4A3}.Release|Any CPU.Build.0 = Release|Any CPU
	EndGlobalSection
	GlobalSection(SolutionProperties) = preSolution
		HideSolutionNode = FALSE
	EndGlobalSection
	GlobalSection(ExtensibilityGlobals) = postSolution
		SolutionGuid = {B8281698-F2F9-43F7-9A91-DB14D3874F82}
	EndGlobalSection
EndGlobal
